
Microsoft Visual Studio Solution File, Format Version 12.00
# Visual Studio Version 17
VisualStudioVersion = 17.4.33205.214
MinimumVisualStudioVersion = 10.0.40219.1
Project("{9A19103F-16F7-4668-BE54-9A1E7A4F7556}") = "WinUIInkCanvas", "WinUIInkCanvas\WinUIInkCanvas.csproj", "{19626840-AD43-475A-99F3-953A2F2FB841}"
EndProject
Project("{9A19103F-16F7-4668-BE54-9A1E7A4F7556}") = "WinFormsHelper", "WinFormsHelper\WinFormsHelper.csproj", "{081C4EDB-DBED-47DB-923C-CB09B6914B6E}"
EndProject
Global
	GlobalSection(SolutionConfigurationPlatforms) = preSolution
		Debug|Any CPU = Debug|Any CPU
		Debug|ARM64 = Debug|ARM64
		Debug|x64 = Debug|x64
		Debug|x86 = Debug|x86
		Release|Any CPU = Release|Any CPU
		Release|ARM64 = Release|ARM64
		Release|x64 = Release|x64
		Release|x86 = Release|x86
	EndGlobalSection
	GlobalSection(ProjectConfigurationPlatforms) = postSolution
		{19626840-AD43-475A-99F3-953A2F2FB841}.Debug|Any CPU.ActiveCfg = Debug|x64
		{19626840-AD43-475A-99F3-953A2F2FB841}.Debug|Any CPU.Build.0 = Debug|x64
		{19626840-AD43-475A-99F3-953A2F2FB841}.Debug|Any CPU.Deploy.0 = Debug|x64
		{19626840-AD43-475A-99F3-953A2F2FB841}.Debug|ARM64.ActiveCfg = Debug|ARM64
		{19626840-AD43-475A-99F3-953A2F2FB841}.Debug|ARM64.Build.0 = Debug|ARM64
		{19626840-AD43-475A-99F3-953A2F2FB841}.Debug|ARM64.Deploy.0 = Debug|ARM64
		{19626840-AD43-475A-99F3-953A2F2FB841}.Debug|x64.ActiveCfg = Debug|x64
		{19626840-AD43-475A-99F3-953A2F2FB841}.Debug|x64.Build.0 = Debug|x64
		{19626840-AD43-475A-99F3-953A2F2FB841}.Debug|x64.Deploy.0 = Debug|x64
		{19626840-AD43-475A-99F3-953A2F2FB841}.Debug|x86.ActiveCfg = Debug|x86
		{19626840-AD43-475A-99F3-953A2F2FB841}.Debug|x86.Build.0 = Debug|x86
		{19626840-AD43-475A-99F3-953A2F2FB841}.Debug|x86.Deploy.0 = Debug|x86
		{19626840-AD43-475A-99F3-953A2F2FB841}.Release|Any CPU.ActiveCfg = Release|x64
		{19626840-AD43-475A-99F3-953A2F2FB841}.Release|Any CPU.Build.0 = Release|x64
		{19626840-AD43-475A-99F3-953A2F2FB841}.Release|Any CPU.Deploy.0 = Release|x64
		{19626840-AD43-475A-99F3-953A2F2FB841}.Release|ARM64.ActiveCfg = Release|ARM64
		{19626840-AD43-475A-99F3-953A2F2FB841}.Release|ARM64.Build.0 = Release|ARM64
		{19626840-AD43-475A-99F3-953A2F2FB841}.Release|ARM64.Deploy.0 = Release|ARM64
		{19626840-AD43-475A-99F3-953A2F2FB841}.Release|x64.ActiveCfg = Release|x64
		{19626840-AD43-475A-99F3-953A2F2FB841}.Release|x64.Build.0 = Release|x64
		{19626840-AD43-475A-99F3-953A2F2FB841}.Release|x64.Deploy.0 = Release|x64
		{19626840-AD43-475A-99F3-953A2F2FB841}.Release|x86.ActiveCfg = Release|x86
		{19626840-AD43-475A-99F3-953A2F2FB841}.Release|x86.Build.0 = Release|x86
		{19626840-AD43-475A-99F3-953A2F2FB841}.Release|x86.Deploy.0 = Release|x86
		{081C4EDB-DBED-47DB-923C-CB09B6914B6E}.Debug|Any CPU.ActiveCfg = Debug|Any CPU
		{081C4EDB-DBED-47DB-923C-CB09B6914B6E}.Debug|Any CPU.Build.0 = Debug|Any CPU
		{081C4EDB-DBED-47DB-923C-CB09B6914B6E}.Debug|ARM64.ActiveCfg = Debug|Any CPU
		{081C4EDB-DBED-47DB-923C-CB09B6914B6E}.Debug|ARM64.Build.0 = Debug|Any CPU
		{081C4EDB-DBED-47DB-923C-CB09B6914B6E}.Debug|x64.ActiveCfg = Debug|Any CPU
		{081C4EDB-DBED-47DB-923C-CB09B6914B6E}.Debug|x64.Build.0 = Debug|Any CPU
		{081C4EDB-DBED-47DB-923C-CB09B6914B6E}.Debug|x86.ActiveCfg = Debug|Any CPU
		{081C4EDB-DBED-47DB-923C-CB09B6914B6E}.Debug|x86.Build.0 = Debug|Any CPU
		{081C4EDB-DBED-47DB-923C-CB09B6914B6E}.Release|Any CPU.ActiveCfg = Release|Any CPU
		{081C4EDB-DBED-47DB-923C-CB09B6914B6E}.Release|Any CPU.Build.0 = Release|Any CPU
		{081C4EDB-DBED-47DB-923C-CB09B6914B6E}.Release|ARM64.ActiveCfg = Release|Any CPU
		{081C4EDB-DBED-47DB-923C-CB09B6914B6E}.Release|ARM64.Build.0 = Release|Any CPU
		{081C4EDB-DBED-47DB-923C-CB09B6914B6E}.Release|x64.ActiveCfg = Release|Any CPU
		{081C4EDB-DBED-47DB-923C-CB09B6914B6E}.Release|x64.Build.0 = Release|Any CPU
		{081C4EDB-DBED-47DB-923C-CB09B6914B6E}.Release|x86.ActiveCfg = Release|Any CPU
		{081C4EDB-DBED-47DB-923C-CB09B6914B6E}.Release|x86.Build.0 = Release|Any CPU
	EndGlobalSection
	GlobalSection(SolutionProperties) = preSolution
		HideSolutionNode = FALSE
	EndGlobalSection
	GlobalSection(ExtensibilityGlobals) = postSolution
		SolutionGuid = {D5B4122F-38A4-4330-82AA-F4678AD90926}
	EndGlobalSection
EndGlobal
